
Microsoft Visual Studio Solution File, Format Version 12.00
# Visual Studio Version 17
VisualStudioVersion = 17.11.35219.272
MinimumVisualStudioVersion = 10.0.40219.1
Project("{9A19103F-16F7-4668-BE54-9A1E7A4F7556}") = "Visual", "..\Visual\Visual.csproj", "{34E15944-E37C-453F-8969-C606D8060EF1}"
EndProject
Project("{9A19103F-16F7-4668-BE54-9A1E7A4F7556}") = "VisualPhoneApp", "..\VisualPhoneApp\VisualPhoneApp.csproj", "{3714D584-47CA-438B-97EE-8A0EF4EEA4EA}"
EndProject
Project("{9A19103F-16F7-4668-BE54-9A1E7A4F7556}") = "visualStudent", "..\visualStudent\visualStudent.csproj", "{E7AF070E-1790-4A3D-90D0-1284BCDC0A78}"
EndProject
Global
	GlobalSection(SolutionConfigurationPlatforms) = preSolution
		Debug|Any CPU = Debug|Any CPU
		Release|Any CPU = Release|Any CPU
	EndGlobalSection
	GlobalSection(ProjectConfigurationPlatforms) = postSolution
		{34E15944-E37C-453F-8969-C606D8060EF1}.Debug|Any CPU.ActiveCfg = Debug|Any CPU
		{34E15944-E37C-453F-8969-C606D8060EF1}.Debug|Any CPU.Build.0 = Debug|Any CPU
		{34E15944-E37C-453F-8969-C606D8060EF1}.Release|Any CPU.ActiveCfg = Release|Any CPU
		{34E15944-E37C-453F-8969-C606D8060EF1}.Release|Any CPU.Build.0 = Release|Any CPU
		{3714D584-47CA-438B-97EE-8A0EF4EEA4EA}.Debug|Any CPU.ActiveCfg = Debug|Any CPU
		{3714D584-47CA-438B-97EE-8A0EF4EEA4EA}.Debug|Any CPU.Build.0 = Debug|Any CPU
		{3714D584-47CA-438B-97EE-8A0EF4EEA4EA}.Release|Any CPU.ActiveCfg = Release|Any CPU
		{3714D584-47CA-438B-97EE-8A0EF4EEA4EA}.Release|Any CPU.Build.0 = Release|Any CPU
		{E7AF070E-1790-4A3D-90D0-1284BCDC0A78}.Debug|Any CPU.ActiveCfg = Debug|Any CPU
		{E7AF070E-1790-4A3D-90D0-1284BCDC0A78}.Debug|Any CPU.Build.0 = Debug|Any CPU
		{E7AF070E-1790-4A3D-90D0-1284BCDC0A78}.Release|Any CPU.ActiveCfg = Release|Any CPU
		{E7AF070E-1790-4A3D-90D0-1284BCDC0A78}.Release|Any CPU.Build.0 = Release|Any CPU
	EndGlobalSection
	GlobalSection(SolutionProperties) = preSolution
		HideSolutionNode = FALSE
	EndGlobalSection
	GlobalSection(ExtensibilityGlobals) = postSolution
		SolutionGuid = {D4D65FEF-D0C1-411C-B971-C3D86D8C185F}
	EndGlobalSection
EndGlobal
