
Microsoft Visual Studio Solution File, Format Version 12.00
# Visual Studio Version 17
VisualStudioVersion = 17.8.34330.188
MinimumVisualStudioVersion = 10.0.40219.1
Project("{FAE04EC0-301F-11D3-BF4B-00C04F79EFBC}") = "visualStudent", "visualStudent.csproj", "{903E6251-26A2-43C0-993D-E5A01F45BC82}"
EndProject
Global
	GlobalSection(SolutionConfigurationPlatforms) = preSolution
		Debug|Any CPU = Debug|Any CPU
		Release|Any CPU = Release|Any CPU
	EndGlobalSection
	GlobalSection(ProjectConfigurationPlatforms) = postSolution
		{903E6251-26A2-43C0-993D-E5A01F45BC82}.Debug|Any CPU.ActiveCfg = Debug|Any CPU
		{903E6251-26A2-43C0-993D-E5A01F45BC82}.Debug|Any CPU.Build.0 = Debug|Any CPU
		{903E6251-26A2-43C0-993D-E5A01F45BC82}.Release|Any CPU.ActiveCfg = Release|Any CPU
		{903E6251-26A2-43C0-993D-E5A01F45BC82}.Release|Any CPU.Build.0 = Release|Any CPU
	EndGlobalSection
	GlobalSection(SolutionProperties) = preSolution
		HideSolutionNode = FALSE
	EndGlobalSection
	GlobalSection(ExtensibilityGlobals) = postSolution
		SolutionGuid = {9F487B0C-8DCA-41CA-A2C9-73637604D4F1}
	EndGlobalSection
EndGlobal
